
Microsoft Visual Studio Solution File, Format Version 12.00
# Visual Studio Version 17
VisualStudioVersion = 17.8.34525.116
MinimumVisualStudioVersion = 10.0.40219.1
Project("{FAE04EC0-301F-11D3-BF4B-00C04F79EFBC}") = "Caesar Cipher", "Caesar Cipher\Caesar Cipher.csproj", "{6ADF6D89-F4E1-4DF5-837F-DAA540E1AA6F}"
EndProject
Global
	GlobalSection(SolutionConfigurationPlatforms) = preSolution
		Debug|Any CPU = Debug|Any CPU
		Release|Any CPU = Release|Any CPU
	EndGlobalSection
	GlobalSection(ProjectConfigurationPlatforms) = postSolution
		{6ADF6D89-F4E1-4DF5-837F-DAA540E1AA6F}.Debug|Any CPU.ActiveCfg = Debug|Any CPU
		{6ADF6D89-F4E1-4DF5-837F-DAA540E1AA6F}.Debug|Any CPU.Build.0 = Debug|Any CPU
		{6ADF6D89-F4E1-4DF5-837F-DAA540E1AA6F}.Release|Any CPU.ActiveCfg = Release|Any CPU
		{6ADF6D89-F4E1-4DF5-837F-DAA540E1AA6F}.Release|Any CPU.Build.0 = Release|Any CPU
	EndGlobalSection
	GlobalSection(SolutionProperties) = preSolution
		HideSolutionNode = FALSE
	EndGlobalSection
	GlobalSection(ExtensibilityGlobals) = postSolution
		SolutionGuid = {BA9CA1CD-5D12-4391-95A4-84E869DC8284}
	EndGlobalSection
EndGlobal
